
Microsoft Visual Studio Solution File, Format Version 12.00
# Visual Studio Version 16
VisualStudioVersion = 16.0.30804.86
MinimumVisualStudioVersion = 10.0.40219.1
Project("{FAE04EC0-301F-11D3-BF4B-00C04F79EFBC}") = "Developer Assesment 1.2 client", "Developer Assesment 1.2 client.csproj", "{7D0E6E1C-AE61-48DC-A9DA-90BE9ACB8FC7}"
EndProject
Global
	GlobalSection(SolutionConfigurationPlatforms) = preSolution
		Debug|Any CPU = Debug|Any CPU
		Release|Any CPU = Release|Any CPU
	EndGlobalSection
	GlobalSection(ProjectConfigurationPlatforms) = postSolution
		{7D0E6E1C-AE61-48DC-A9DA-90BE9ACB8FC7}.Debug|Any CPU.ActiveCfg = Debug|Any CPU
		{7D0E6E1C-AE61-48DC-A9DA-90BE9ACB8FC7}.Debug|Any CPU.Build.0 = Debug|Any CPU
		{7D0E6E1C-AE61-48DC-A9DA-90BE9ACB8FC7}.Release|Any CPU.ActiveCfg = Release|Any CPU
		{7D0E6E1C-AE61-48DC-A9DA-90BE9ACB8FC7}.Release|Any CPU.Build.0 = Release|Any CPU
	EndGlobalSection
	GlobalSection(SolutionProperties) = preSolution
		HideSolutionNode = FALSE
	EndGlobalSection
	GlobalSection(ExtensibilityGlobals) = postSolution
		SolutionGuid = {88094790-E4DC-44E3-82E2-B4B71C8C8B55}
	EndGlobalSection
EndGlobal
